{
  "name": "frontle-toast",
  "version": "1.0.0",
  "lockfileVersion": 2,
  "requires": true,
  "packages": {
    "": {
      "name": "frontle-toast",
      "version": "1.0.0",
      "license": "MIT",
      "dependencies": {
        "zindex-maximumvalue-manager": "1.0.1"
      }
    },
    "node_modules/zindex-maximumvalue-manager": {
      "version": "1.0.1",
      "resolved": "https://registry.npmjs.org/zindex-maximumvalue-manager/-/zindex-maximumvalue-manager-1.0.1.tgz",
      "integrity": "sha512-7OZStlBUJdPic3sP7tNEdOK7vy2WSBHTOJZ53VnWw7b3AkyrgRIUK9X6f42WCFGaaXrifpJ6qGhu7Hp2Oyi9NQ=="
    }
  },
  "dependencies": {
    "zindex-maximumvalue-manager": {
      "version": "1.0.1",
      "resolved": "https://registry.npmjs.org/zindex-maximumvalue-manager/-/zindex-maximumvalue-manager-1.0.1.tgz",
      "integrity": "sha512-7OZStlBUJdPic3sP7tNEdOK7vy2WSBHTOJZ53VnWw7b3AkyrgRIUK9X6f42WCFGaaXrifpJ6qGhu7Hp2Oyi9NQ=="
    }
  }
}
